
Microsoft Visual Studio Solution File, Format Version 12.00
# Visual Studio Version 17
VisualStudioVersion = 17.11.35222.181
MinimumVisualStudioVersion = 10.0.40219.1
Project("{8BC9CEB8-8B4A-11D0-8D11-00A0C91BC942}") = "BOJ_30889", "BOJ_30889.vcxproj", "{59BE1713-DA80-46E5-B4CF-632A0DB41686}"
EndProject
Global
	GlobalSection(SolutionConfigurationPlatforms) = preSolution
		Debug|x64 = Debug|x64
		Release|x64 = Release|x64
	EndGlobalSection
	GlobalSection(ProjectConfigurationPlatforms) = postSolution
		{59BE1713-DA80-46E5-B4CF-632A0DB41686}.Debug|x64.ActiveCfg = Debug|x64
		{59BE1713-DA80-46E5-B4CF-632A0DB41686}.Debug|x64.Build.0 = Debug|x64
		{59BE1713-DA80-46E5-B4CF-632A0DB41686}.Release|x64.ActiveCfg = Release|x64
		{59BE1713-DA80-46E5-B4CF-632A0DB41686}.Release|x64.Build.0 = Release|x64
	EndGlobalSection
	GlobalSection(SolutionProperties) = preSolution
		HideSolutionNode = FALSE
	EndGlobalSection
	GlobalSection(ExtensibilityGlobals) = postSolution
		SolutionGuid = {6033E8BB-4B6E-419E-AC22-DB888307AD5D}
	EndGlobalSection
EndGlobal
